{
  "nodes": {
    "home-manager": {
      "inputs": {
        "nixpkgs": "nixpkgs"
      },
      "locked": {
        "lastModified": 1633981625,
        "narHash": "sha256-mq+IZZDR4vkihD/LyVXl17LoWx/wXvX16U0VsAeR+88=",
        "owner": "nix-community",
        "repo": "home-manager",
        "rev": "0b47ded208a6ed24f40b9d62379d04fe8dc4f63e",
        "type": "github"
      },
      "original": {
        "owner": "nix-community",
        "repo": "home-manager",
        "type": "github"
      }
    },
    "nixpkgs": {
      "locked": {
        "lastModified": 1624313946,
        "narHash": "sha256-YpHMu7lo2wE5jVe0USloaRIWANmiJwxrILfjP5An7lA=",
        "owner": "NixOS",
        "repo": "nixpkgs",
        "rev": "9332bcad1813a87d7cd51e94dd9fd4a4aa11093c",
        "type": "github"
      },
      "original": {
        "id": "nixpkgs",
        "type": "indirect"
      }
    },
    "nixpkgs_2": {
      "locked": {
        "lastModified": 1633791597,
        "narHash": "sha256-HzpxqTEnqsjkKWfW87kSI3WVizYjUMQeUjSIm3b5I0Y=",
        "owner": "nixos",
        "repo": "nixpkgs",
        "rev": "9bf75dd50b7b6d3ce6aaf6563db95f41438b9bdb",
        "type": "github"
      },
      "original": {
        "owner": "nixos",
        "ref": "nixos-unstable",
        "repo": "nixpkgs",
        "type": "github"
      }
    },
    "nur": {
      "locked": {
        "lastModified": 1624327025,
        "narHash": "sha256-dBUVpcE6DyijEmFckdZTpeMs3esf5qezs/0/4XZZQlA=",
        "owner": "nix-community",
        "repo": "NUR",
        "rev": "9913f8c07992ada0b56124366e1ee7966c105448",
        "type": "github"
      },
      "original": {
        "owner": "nix-community",
        "repo": "NUR",
        "type": "github"
      }
    },
    "root": {
      "inputs": {
        "home-manager": "home-manager",
        "nixpkgs": "nixpkgs_2",
        "nur": "nur"
      }
    }
  },
  "root": "root",
  "version": 7
}
